# This file is automatically @generated by Cargo.
# It is not intended for manual editing.
version = 3

[[package]]
name = "librtorrent"
version = "0.1.0"

[[package]]
name = "rtorrent-cli"
version = "0.1.0"
dependencies = [
 "librtorrent",
]

[[package]]
name = "rtorrentd"
version = "0.1.0"
dependencies = [
 "librtorrent",
]
